
Microsoft Visual Studio Solution File, Format Version 12.00
# Visual Studio 15
VisualStudioVersion = 15.0.26124.0
MinimumVisualStudioVersion = 15.0.26124.0
Project("{FAE04EC0-301F-11D3-BF4B-00C04F79EFBC}") = "SomeAppConsole", "SomeAppConsole\SomeAppConsole.csproj", "{D9572C8C-4A87-441F-9D34-CEA12A809DA3}"
EndProject
Project("{FAE04EC0-301F-11D3-BF4B-00C04F79EFBC}") = "SomeAppConsole.Tests", "SomeAppConsole.Tests\SomeAppConsole.Tests.csproj", "{5B46ED13-70C8-4111-82E0-566820C86C26}"
EndProject
Global
	GlobalSection(SolutionConfigurationPlatforms) = preSolution
		Debug|Any CPU = Debug|Any CPU
		Debug|x64 = Debug|x64
		Debug|x86 = Debug|x86
		Release|Any CPU = Release|Any CPU
		Release|x64 = Release|x64
		Release|x86 = Release|x86
	EndGlobalSection
	GlobalSection(SolutionProperties) = preSolution
		HideSolutionNode = FALSE
	EndGlobalSection
	GlobalSection(ProjectConfigurationPlatforms) = postSolution
		{D9572C8C-4A87-441F-9D34-CEA12A809DA3}.Debug|Any CPU.ActiveCfg = Debug|Any CPU
		{D9572C8C-4A87-441F-9D34-CEA12A809DA3}.Debug|Any CPU.Build.0 = Debug|Any CPU
		{D9572C8C-4A87-441F-9D34-CEA12A809DA3}.Debug|x64.ActiveCfg = Debug|x64
		{D9572C8C-4A87-441F-9D34-CEA12A809DA3}.Debug|x64.Build.0 = Debug|x64
		{D9572C8C-4A87-441F-9D34-CEA12A809DA3}.Debug|x86.ActiveCfg = Debug|x86
		{D9572C8C-4A87-441F-9D34-CEA12A809DA3}.Debug|x86.Build.0 = Debug|x86
		{D9572C8C-4A87-441F-9D34-CEA12A809DA3}.Release|Any CPU.ActiveCfg = Release|Any CPU
		{D9572C8C-4A87-441F-9D34-CEA12A809DA3}.Release|Any CPU.Build.0 = Release|Any CPU
		{D9572C8C-4A87-441F-9D34-CEA12A809DA3}.Release|x64.ActiveCfg = Release|x64
		{D9572C8C-4A87-441F-9D34-CEA12A809DA3}.Release|x64.Build.0 = Release|x64
		{D9572C8C-4A87-441F-9D34-CEA12A809DA3}.Release|x86.ActiveCfg = Release|x86
		{D9572C8C-4A87-441F-9D34-CEA12A809DA3}.Release|x86.Build.0 = Release|x86
		{5B46ED13-70C8-4111-82E0-566820C86C26}.Debug|Any CPU.ActiveCfg = Debug|Any CPU
		{5B46ED13-70C8-4111-82E0-566820C86C26}.Debug|Any CPU.Build.0 = Debug|Any CPU
		{5B46ED13-70C8-4111-82E0-566820C86C26}.Debug|x64.ActiveCfg = Debug|x64
		{5B46ED13-70C8-4111-82E0-566820C86C26}.Debug|x64.Build.0 = Debug|x64
		{5B46ED13-70C8-4111-82E0-566820C86C26}.Debug|x86.ActiveCfg = Debug|x86
		{5B46ED13-70C8-4111-82E0-566820C86C26}.Debug|x86.Build.0 = Debug|x86
		{5B46ED13-70C8-4111-82E0-566820C86C26}.Release|Any CPU.ActiveCfg = Release|Any CPU
		{5B46ED13-70C8-4111-82E0-566820C86C26}.Release|Any CPU.Build.0 = Release|Any CPU
		{5B46ED13-70C8-4111-82E0-566820C86C26}.Release|x64.ActiveCfg = Release|x64
		{5B46ED13-70C8-4111-82E0-566820C86C26}.Release|x64.Build.0 = Release|x64
		{5B46ED13-70C8-4111-82E0-566820C86C26}.Release|x86.ActiveCfg = Release|x86
		{5B46ED13-70C8-4111-82E0-566820C86C26}.Release|x86.Build.0 = Release|x86
	EndGlobalSection
EndGlobal
